
Microsoft Visual Studio Solution File, Format Version 12.00
# Visual Studio Version 17
VisualStudioVersion = 17.13.35825.156 d17.13
MinimumVisualStudioVersion = 10.0.40219.1
Project("{FAE04EC0-301F-11D3-BF4B-00C04F79EFBC}") = "WebApplicationRazorPages1", "WebApplicationRazorPages1.csproj", "{D04A718B-4872-4E6A-944E-36BE4648F8F2}"
EndProject
Global
	GlobalSection(SolutionConfigurationPlatforms) = preSolution
		Debug|Any CPU = Debug|Any CPU
		Release|Any CPU = Release|Any CPU
	EndGlobalSection
	GlobalSection(ProjectConfigurationPlatforms) = postSolution
		{D04A718B-4872-4E6A-944E-36BE4648F8F2}.Debug|Any CPU.ActiveCfg = Debug|Any CPU
		{D04A718B-4872-4E6A-944E-36BE4648F8F2}.Debug|Any CPU.Build.0 = Debug|Any CPU
		{D04A718B-4872-4E6A-944E-36BE4648F8F2}.Release|Any CPU.ActiveCfg = Release|Any CPU
		{D04A718B-4872-4E6A-944E-36BE4648F8F2}.Release|Any CPU.Build.0 = Release|Any CPU
	EndGlobalSection
	GlobalSection(SolutionProperties) = preSolution
		HideSolutionNode = FALSE
	EndGlobalSection
	GlobalSection(ExtensibilityGlobals) = postSolution
		SolutionGuid = {90FF167A-823F-4A7B-ABC4-1CBE4E7DB2DA}
	EndGlobalSection
EndGlobal
